
Microsoft Visual Studio Solution File, Format Version 12.00
# Visual Studio Version 17
VisualStudioVersion = 17.14.36915.13
MinimumVisualStudioVersion = 10.0.40219.1
Project("{FAE04EC0-301F-11D3-BF4B-00C04F79EFBC}") = "BookStore", "BookStore\BookStore.csproj", "{275C2F56-73F5-4B11-A621-2D3EF6608250}"
EndProject
Global
	GlobalSection(SolutionConfigurationPlatforms) = preSolution
		Debug|Any CPU = Debug|Any CPU
		Release|Any CPU = Release|Any CPU
	EndGlobalSection
	GlobalSection(ProjectConfigurationPlatforms) = postSolution
		{275C2F56-73F5-4B11-A621-2D3EF6608250}.Debug|Any CPU.ActiveCfg = Debug|Any CPU
		{275C2F56-73F5-4B11-A621-2D3EF6608250}.Debug|Any CPU.Build.0 = Debug|Any CPU
		{275C2F56-73F5-4B11-A621-2D3EF6608250}.Release|Any CPU.ActiveCfg = Release|Any CPU
		{275C2F56-73F5-4B11-A621-2D3EF6608250}.Release|Any CPU.Build.0 = Release|Any CPU
	EndGlobalSection
	GlobalSection(SolutionProperties) = preSolution
		HideSolutionNode = FALSE
	EndGlobalSection
	GlobalSection(ExtensibilityGlobals) = postSolution
		SolutionGuid = {8B7E7C02-A573-4550-ACD7-169A19C41BB4}
	EndGlobalSection
EndGlobal
